{
  "name": "oi4registry",
  "version": "0.12.0-beta",
  "lockfileVersion": 1,
  "requires": true,
  "dependencies": {
    "@oi4/json-schemas": {
      "version": "0.12.0",
      "resolved": "https://npm.pkg.github.com/download/@oi4/json-schemas/0.12.0/e2e3647c4d014c2e7a262d577076ebd87f32945ed0790b1f2c781543ef012892",
      "integrity": "sha512-faDXHrIIskAIksxD7IUHjRh5hQq1mDzrgVqKoOaYJfF1gty7wouLxHFl6Z4xJyZy32JLZiBKP0dpvnv4W4r3lQ=="
    }
  }
}
