{
  "name": "oi4registry",
  "version": "1.0.0",
  "lockfileVersion": 1,
  "requires": true,
  "dependencies": {
    "cockpit": {
      "version": "0.1.1",
      "resolved": "https://registry.npmjs.org/cockpit/-/cockpit-0.1.1.tgz",
      "integrity": "sha1-rF1t4ynZU7HzLG7ecZbCcyLVAXc=",
      "requires": {
        "pilot": ">=0.1.1"
      }
    },
    "pilot": {
      "version": "0.1.1",
      "resolved": "https://registry.npmjs.org/pilot/-/pilot-0.1.1.tgz",
      "integrity": "sha1-nT8NQr0deraHrdW2X23ZMbGpdDM="
    }
  }
}
