{
  "name": "oi4registry",
  "version": "0.12.1",
  "lockfileVersion": 2,
  "requires": true,
  "packages": {
    "": {
      "name": "oi4registry",
      "version": "0.12.1",
      "license": "MIT",
      "dependencies": {
        "@oi4/json-schemas": "^0.12.0"
      },
      "devDependencies": {}
    },
    "node_modules/@oi4/json-schemas": {
      "version": "0.12.2",
      "resolved": "https://npm.pkg.github.com/download/@oi4/json-schemas/0.12.2/14480ba42b5bba95456692c061325125bce58b611dd05d013d4170622b9ae95c",
      "integrity": "sha512-Sj6gAdA62hFCbvMMOrBLeXU2Sb9jo4WJUQSK8eMnWV8Lq3NuisopMDlL1BFoIlnz+dN1poQjcmQSYhxSsTaC9w==",
      "license": "MIT"
    }
  },
  "dependencies": {
    "@oi4/json-schemas": {
      "version": "0.12.2",
      "resolved": "https://npm.pkg.github.com/download/@oi4/json-schemas/0.12.2/14480ba42b5bba95456692c061325125bce58b611dd05d013d4170622b9ae95c",
      "integrity": "sha512-Sj6gAdA62hFCbvMMOrBLeXU2Sb9jo4WJUQSK8eMnWV8Lq3NuisopMDlL1BFoIlnz+dN1poQjcmQSYhxSsTaC9w=="
    }
  }
}
